
Microsoft Visual Studio Solution File, Format Version 12.00
# Visual Studio Version 17
VisualStudioVersion = 17.7.34031.279
MinimumVisualStudioVersion = 10.0.40219.1
Project("{FAE04EC0-301F-11D3-BF4B-00C04F79EFBC}") = "Phase3EndProject1", "Phase3EndProject1\Phase3EndProject1.csproj", "{29B227FB-D9ED-47EB-9FEE-8D6BFAC8CD60}"
EndProject
Project("{FAE04EC0-301F-11D3-BF4B-00C04F79EFBC}") = "DataAccessLayerLibrary", "DataAccessLayerLibrary\DataAccessLayerLibrary.csproj", "{032F5742-2F1C-4B32-9F0E-2A2716E0CA79}"
EndProject
Project("{FAE04EC0-301F-11D3-BF4B-00C04F79EFBC}") = "BusinessLayerLibrary", "BusinessLayerLibrary\BusinessLayerLibrary.csproj", "{3190DFB7-71CF-420B-B2A0-C43078CC734C}"
EndProject
Global
	GlobalSection(SolutionConfigurationPlatforms) = preSolution
		Debug|Any CPU = Debug|Any CPU
		Release|Any CPU = Release|Any CPU
	EndGlobalSection
	GlobalSection(ProjectConfigurationPlatforms) = postSolution
		{29B227FB-D9ED-47EB-9FEE-8D6BFAC8CD60}.Debug|Any CPU.ActiveCfg = Debug|Any CPU
		{29B227FB-D9ED-47EB-9FEE-8D6BFAC8CD60}.Debug|Any CPU.Build.0 = Debug|Any CPU
		{29B227FB-D9ED-47EB-9FEE-8D6BFAC8CD60}.Release|Any CPU.ActiveCfg = Release|Any CPU
		{29B227FB-D9ED-47EB-9FEE-8D6BFAC8CD60}.Release|Any CPU.Build.0 = Release|Any CPU
		{032F5742-2F1C-4B32-9F0E-2A2716E0CA79}.Debug|Any CPU.ActiveCfg = Debug|Any CPU
		{032F5742-2F1C-4B32-9F0E-2A2716E0CA79}.Debug|Any CPU.Build.0 = Debug|Any CPU
		{032F5742-2F1C-4B32-9F0E-2A2716E0CA79}.Release|Any CPU.ActiveCfg = Release|Any CPU
		{032F5742-2F1C-4B32-9F0E-2A2716E0CA79}.Release|Any CPU.Build.0 = Release|Any CPU
		{3190DFB7-71CF-420B-B2A0-C43078CC734C}.Debug|Any CPU.ActiveCfg = Debug|Any CPU
		{3190DFB7-71CF-420B-B2A0-C43078CC734C}.Debug|Any CPU.Build.0 = Debug|Any CPU
		{3190DFB7-71CF-420B-B2A0-C43078CC734C}.Release|Any CPU.ActiveCfg = Release|Any CPU
		{3190DFB7-71CF-420B-B2A0-C43078CC734C}.Release|Any CPU.Build.0 = Release|Any CPU
	EndGlobalSection
	GlobalSection(SolutionProperties) = preSolution
		HideSolutionNode = FALSE
	EndGlobalSection
	GlobalSection(ExtensibilityGlobals) = postSolution
		SolutionGuid = {FBFC1550-EFBE-4F35-8AF4-2D834222C48C}
	EndGlobalSection
EndGlobal
